
Microsoft Visual Studio Solution File, Format Version 12.00
# Visual Studio Version 16
VisualStudioVersion = 16.0.30503.244
MinimumVisualStudioVersion = 10.0.40219.1
Project("{FAE04EC0-301F-11D3-BF4B-00C04F79EFBC}") = "exercise01_user_input", "exercise01_user_input\exercise01_user_input.csproj", "{9BE550A1-35BE-485B-96EF-39E3060E1976}"
EndProject
Global
	GlobalSection(SolutionConfigurationPlatforms) = preSolution
		Debug|Any CPU = Debug|Any CPU
		Release|Any CPU = Release|Any CPU
	EndGlobalSection
	GlobalSection(ProjectConfigurationPlatforms) = postSolution
		{9BE550A1-35BE-485B-96EF-39E3060E1976}.Debug|Any CPU.ActiveCfg = Debug|Any CPU
		{9BE550A1-35BE-485B-96EF-39E3060E1976}.Debug|Any CPU.Build.0 = Debug|Any CPU
		{9BE550A1-35BE-485B-96EF-39E3060E1976}.Release|Any CPU.ActiveCfg = Release|Any CPU
		{9BE550A1-35BE-485B-96EF-39E3060E1976}.Release|Any CPU.Build.0 = Release|Any CPU
	EndGlobalSection
	GlobalSection(SolutionProperties) = preSolution
		HideSolutionNode = FALSE
	EndGlobalSection
	GlobalSection(ExtensibilityGlobals) = postSolution
		SolutionGuid = {E93C208E-BF7C-474C-B4B3-DD90B3AEC322}
	EndGlobalSection
EndGlobal
